// !$*UTF8*$!
{
	archiveVersion = 1;
	classes = {
	};
	objectVersion = 48;
	objects = {

/* Begin PBXBuildFile section */
		938D808101C1DD52051C2337 /* libPods-QLIPA.a in Frameworks */ = {isa = PBXBuildFile; fileRef = D4571F713AD7DC9549EC826D /* libPods-QLIPA.a */; };
		FA63D373205F9903003A91FA /* GenerateThumbnailForURL.m in Sources */ = {isa = PBXBuildFile; fileRef = FA63D372205F9903003A91FA /* GenerateThumbnailForURL.m */; };
		FA63D375205F9903003A91FA /* GeneratePreviewForURL.m in Sources */ = {isa = PBXBuildFile; fileRef = FA63D374205F9903003A91FA /* GeneratePreviewForURL.m */; };
		FA63D377205F9903003A91FA /* main.c in Sources */ = {isa = PBXBuildFile; fileRef = FA63D376205F9903003A91FA /* main.c */; };
		FA63D380205F9A3A003A91FA /* libz.tbd in Frameworks */ = {isa = PBXBuildFile; fileRef = FA63D37F205F9A3A003A91FA /* libz.tbd */; };
		FAB62F6D205FBD7A00E0CE3E /* MachOKit.framework in Frameworks */ = {isa = PBXBuildFile; fileRef = FAB62F64205FBCEC00E0CE3E /* MachOKit.framework */; };
		FAB62F6E205FBD7D00E0CE3E /* MMMarkdown.framework in Frameworks */ = {isa = PBXBuildFile; fileRef = FAB62F46205FBCC400E0CE3E /* MMMarkdown.framework */; };
		FAB62F70205FBD8900E0CE3E /* MachOKit.framework in CopyFiles */ = {isa = PBXBuildFile; fileRef = FAB62F64205FBCEC00E0CE3E /* MachOKit.framework */; settings = {ATTRIBUTES = (CodeSignOnCopy, RemoveHeadersOnCopy, ); }; };
		FAB62F71205FBD9B00E0CE3E /* MMMarkdown.framework in CopyFiles */ = {isa = PBXBuildFile; fileRef = FAB62F46205FBCC400E0CE3E /* MMMarkdown.framework */; settings = {ATTRIBUTES = (CodeSignOnCopy, RemoveHeadersOnCopy, ); }; };
/* End PBXBuildFile section */

/* Begin PBXContainerItemProxy section */
		FAB62F43205FBCC400E0CE3E /* PBXContainerItemProxy */ = {
			isa = PBXContainerItemProxy;
			containerPortal = FAB62F3B205FBCC400E0CE3E /* MMMarkdown.xcodeproj */;
			proxyType = 2;
			remoteGlobalIDString = BED7620F1B37810000687B36;
			remoteInfo = "MMMarkdown (iOS)";
		};
		FAB62F45205FBCC400E0CE3E /* PBXContainerItemProxy */ = {
			isa = PBXContainerItemProxy;
			containerPortal = FAB62F3B205FBCC400E0CE3E /* MMMarkdown.xcodeproj */;
			proxyType = 2;
			remoteGlobalIDString = BED761571B374D6700687B36;
			remoteInfo = "MMMarkdown (OS X)";
		};
		FAB62F47205FBCC400E0CE3E /* PBXContainerItemProxy */ = {
			isa = PBXContainerItemProxy;
			containerPortal = FAB62F3B205FBCC400E0CE3E /* MMMarkdown.xcodeproj */;
			proxyType = 2;
			remoteGlobalIDString = BE23E8F41C0CF3EF0087F587;
			remoteInfo = "MMMarkdown (tvOS)";
		};
		FAB62F49205FBCC400E0CE3E /* PBXContainerItemProxy */ = {
			isa = PBXContainerItemProxy;
			containerPortal = FAB62F3B205FBCC400E0CE3E /* MMMarkdown.xcodeproj */;
			proxyType = 2;
			remoteGlobalIDString = BE23E9131C0CF77D0087F587;
			remoteInfo = "MMMarkdown (watchOS)";
		};
		FAB62F4B205FBCC400E0CE3E /* PBXContainerItemProxy */ = {
			isa = PBXContainerItemProxy;
			containerPortal = FAB62F3B205FBCC400E0CE3E /* MMMarkdown.xcodeproj */;
			proxyType = 2;
			remoteGlobalIDString = BED761611B374D6700687B36;
			remoteInfo = MMMarkdownTests;
		};
		FAB62F63205FBCEC00E0CE3E /* PBXContainerItemProxy */ = {
			isa = PBXContainerItemProxy;
			containerPortal = FAB62F5B205FBCEB00E0CE3E /* MachOKit.xcodeproj */;
			proxyType = 2;
			remoteGlobalIDString = D02FEB361890FF88004E88ED;
			remoteInfo = MachOKit;
		};
		FAB62F65205FBCEC00E0CE3E /* PBXContainerItemProxy */ = {
			isa = PBXContainerItemProxy;
			containerPortal = FAB62F5B205FBCEB00E0CE3E /* MachOKit.xcodeproj */;
			proxyType = 2;
			remoteGlobalIDString = D02FEB4D1890FF88004E88ED;
			remoteInfo = MachOKitTests;
		};
		FAB62F67205FBCEC00E0CE3E /* PBXContainerItemProxy */ = {
			isa = PBXContainerItemProxy;
			containerPortal = FAB62F5B205FBCEB00E0CE3E /* MachOKit.xcodeproj */;
			proxyType = 2;
			remoteGlobalIDString = D0A3BB741A68EB9D00D663A0;
			remoteInfo = libMachO;
		};
		FAB62F69205FBCF100E0CE3E /* PBXContainerItemProxy */ = {
			isa = PBXContainerItemProxy;
			containerPortal = FAB62F5B205FBCEB00E0CE3E /* MachOKit.xcodeproj */;
			proxyType = 1;
			remoteGlobalIDString = D02FEB351890FF88004E88ED;
			remoteInfo = MachOKit;
		};
		FAB62F6B205FBCF400E0CE3E /* PBXContainerItemProxy */ = {
			isa = PBXContainerItemProxy;
			containerPortal = FAB62F3B205FBCC400E0CE3E /* MMMarkdown.xcodeproj */;
			proxyType = 1;
			remoteGlobalIDString = BED761561B374D6700687B36;
			remoteInfo = "MMMarkdown (OS X)";
		};
/* End PBXContainerItemProxy section */

/* Begin PBXCopyFilesBuildPhase section */
		FAB62F6F205FBD8200E0CE3E /* CopyFiles */ = {
			isa = PBXCopyFilesBuildPhase;
			buildActionMask = 2147483647;
			dstPath = "";
			dstSubfolderSpec = 10;
			files = (
				FAB62F70205FBD8900E0CE3E /* MachOKit.framework in CopyFiles */,
				FAB62F71205FBD9B00E0CE3E /* MMMarkdown.framework in CopyFiles */,
			);
			runOnlyForDeploymentPostprocessing = 0;
		};
/* End PBXCopyFilesBuildPhase section */

/* Begin PBXFileReference section */
		475F4974F6598D13ECFEE81B /* Pods-QLIPA.release.xcconfig */ = {isa = PBXFileReference; includeInIndex = 1; lastKnownFileType = text.xcconfig; name = "Pods-QLIPA.release.xcconfig"; path = "Pods/Target Support Files/Pods-QLIPA/Pods-QLIPA.release.xcconfig"; sourceTree = "<group>"; };
		A876310910EAE8F7CB94D7F0 /* Pods-QLIPA.debug.xcconfig */ = {isa = PBXFileReference; includeInIndex = 1; lastKnownFileType = text.xcconfig; name = "Pods-QLIPA.debug.xcconfig"; path = "Pods/Target Support Files/Pods-QLIPA/Pods-QLIPA.debug.xcconfig"; sourceTree = "<group>"; };
		D4571F713AD7DC9549EC826D /* libPods-QLIPA.a */ = {isa = PBXFileReference; explicitFileType = archive.ar; includeInIndex = 0; path = "libPods-QLIPA.a"; sourceTree = BUILT_PRODUCTS_DIR; };
		FA63D36F205F9903003A91FA /* QLIPA.qlgenerator */ = {isa = PBXFileReference; explicitFileType = wrapper.cfbundle; includeInIndex = 0; path = QLIPA.qlgenerator; sourceTree = BUILT_PRODUCTS_DIR; };
		FA63D372205F9903003A91FA /* GenerateThumbnailForURL.m */ = {isa = PBXFileReference; lastKnownFileType = sourcecode.c.objc; path = GenerateThumbnailForURL.m; sourceTree = "<group>"; };
		FA63D374205F9903003A91FA /* GeneratePreviewForURL.m */ = {isa = PBXFileReference; lastKnownFileType = sourcecode.c.objc; path = GeneratePreviewForURL.m; sourceTree = "<group>"; };
		FA63D376205F9903003A91FA /* main.c */ = {isa = PBXFileReference; lastKnownFileType = sourcecode.c.c; path = main.c; sourceTree = "<group>"; };
		FA63D378205F9903003A91FA /* Info.plist */ = {isa = PBXFileReference; lastKnownFileType = text.plist.xml; path = Info.plist; sourceTree = "<group>"; };
		FA63D37F205F9A3A003A91FA /* libz.tbd */ = {isa = PBXFileReference; lastKnownFileType = "sourcecode.text-based-dylib-definition"; name = libz.tbd; path = usr/lib/libz.tbd; sourceTree = SDKROOT; };
		FAB62F3B205FBCC400E0CE3E /* MMMarkdown.xcodeproj */ = {isa = PBXFileReference; lastKnownFileType = "wrapper.pb-project"; name = MMMarkdown.xcodeproj; path = MMMarkdown/MMMarkdown.xcodeproj; sourceTree = "<group>"; };
		FAB62F5B205FBCEB00E0CE3E /* MachOKit.xcodeproj */ = {isa = PBXFileReference; lastKnownFileType = "wrapper.pb-project"; name = MachOKit.xcodeproj; path = "MachO-Kit/MachOKit.xcodeproj"; sourceTree = "<group>"; };
/* End PBXFileReference section */

/* Begin PBXFrameworksBuildPhase section */
		FA63D36B205F9903003A91FA /* Frameworks */ = {
			isa = PBXFrameworksBuildPhase;
			buildActionMask = 2147483647;
			files = (
				FAB62F6E205FBD7D00E0CE3E /* MMMarkdown.framework in Frameworks */,
				FAB62F6D205FBD7A00E0CE3E /* MachOKit.framework in Frameworks */,
				FA63D380205F9A3A003A91FA /* libz.tbd in Frameworks */,
				938D808101C1DD52051C2337 /* libPods-QLIPA.a in Frameworks */,
			);
			runOnlyForDeploymentPostprocessing = 0;
		};
/* End PBXFrameworksBuildPhase section */

/* Begin PBXGroup section */
		BE6CF04DDEEB750BA8E47EEA /* Pods */ = {
			isa = PBXGroup;
			children = (
				A876310910EAE8F7CB94D7F0 /* Pods-QLIPA.debug.xcconfig */,
				475F4974F6598D13ECFEE81B /* Pods-QLIPA.release.xcconfig */,
			);
			name = Pods;
			sourceTree = "<group>";
		};
		FA63D365205F9903003A91FA = {
			isa = PBXGroup;
			children = (
				FAB62F5B205FBCEB00E0CE3E /* MachOKit.xcodeproj */,
				FAB62F3B205FBCC400E0CE3E /* MMMarkdown.xcodeproj */,
				FA63D371205F9903003A91FA /* QLIPA */,
				FA63D370205F9903003A91FA /* Products */,
				FA63D37E205F9A3A003A91FA /* Frameworks */,
				BE6CF04DDEEB750BA8E47EEA /* Pods */,
			);
			sourceTree = "<group>";
		};
		FA63D370205F9903003A91FA /* Products */ = {
			isa = PBXGroup;
			children = (
				FA63D36F205F9903003A91FA /* QLIPA.qlgenerator */,
			);
			name = Products;
			sourceTree = "<group>";
		};
		FA63D371205F9903003A91FA /* QLIPA */ = {
			isa = PBXGroup;
			children = (
				FA63D372205F9903003A91FA /* GenerateThumbnailForURL.m */,
				FA63D374205F9903003A91FA /* GeneratePreviewForURL.m */,
				FA63D376205F9903003A91FA /* main.c */,
				FA63D378205F9903003A91FA /* Info.plist */,
			);
			path = QLIPA;
			sourceTree = "<group>";
		};
		FA63D37E205F9A3A003A91FA /* Frameworks */ = {
			isa = PBXGroup;
			children = (
				FA63D37F205F9A3A003A91FA /* libz.tbd */,
				D4571F713AD7DC9549EC826D /* libPods-QLIPA.a */,
			);
			name = Frameworks;
			sourceTree = "<group>";
		};
		FAB62F3C205FBCC400E0CE3E /* Products */ = {
			isa = PBXGroup;
			children = (
				FAB62F44205FBCC400E0CE3E /* MMMarkdown.framework */,
				FAB62F46205FBCC400E0CE3E /* MMMarkdown.framework */,
				FAB62F48205FBCC400E0CE3E /* MMMarkdown.framework */,
				FAB62F4A205FBCC400E0CE3E /* MMMarkdown.framework */,
				FAB62F4C205FBCC400E0CE3E /* MMMarkdownTests.xctest */,
			);
			name = Products;
			sourceTree = "<group>";
		};
		FAB62F5C205FBCEB00E0CE3E /* Products */ = {
			isa = PBXGroup;
			children = (
				FAB62F64205FBCEC00E0CE3E /* MachOKit.framework */,
				FAB62F66205FBCEC00E0CE3E /* MachOKitTests.xctest */,
				FAB62F68205FBCEC00E0CE3E /* libMachO.a */,
			);
			name = Products;
			sourceTree = "<group>";
		};
/* End PBXGroup section */

/* Begin PBXHeadersBuildPhase section */
		FA63D36C205F9903003A91FA /* Headers */ = {
			isa = PBXHeadersBuildPhase;
			buildActionMask = 2147483647;
			files = (
			);
			runOnlyForDeploymentPostprocessing = 0;
		};
/* End PBXHeadersBuildPhase section */

/* Begin PBXNativeTarget section */
		FA63D36E205F9903003A91FA /* QLIPA */ = {
			isa = PBXNativeTarget;
			buildConfigurationList = FA63D37B205F9903003A91FA /* Build configuration list for PBXNativeTarget "QLIPA" */;
			buildPhases = (
				6686B2B12E6A3F4737FD7218 /* [CP] Check Pods Manifest.lock */,
				FA63D36A205F9903003A91FA /* Sources */,
				FA63D36B205F9903003A91FA /* Frameworks */,
				FA63D36C205F9903003A91FA /* Headers */,
				FA63D36D205F9903003A91FA /* Resources */,
				6A1E6019ADF447C7302AA724 /* [CP] Copy Pods Resources */,
				FAB62F6F205FBD8200E0CE3E /* CopyFiles */,
			);
			buildRules = (
			);
			dependencies = (
				FAB62F6C205FBCF400E0CE3E /* PBXTargetDependency */,
				FAB62F6A205FBCF100E0CE3E /* PBXTargetDependency */,
			);
			name = QLIPA;
			productName = QLIPA;
			productReference = FA63D36F205F9903003A91FA /* QLIPA.qlgenerator */;
			productType = "com.apple.product-type.bundle";
		};
/* End PBXNativeTarget section */

/* Begin PBXProject section */
		FA63D366205F9903003A91FA /* Project object */ = {
			isa = PBXProject;
			attributes = {
				LastUpgradeCheck = 0920;
				ORGANIZATIONNAME = "Naville Zhang";
				TargetAttributes = {
					FA63D36E205F9903003A91FA = {
						CreatedOnToolsVersion = 9.2;
						ProvisioningStyle = Automatic;
					};
				};
			};
			buildConfigurationList = FA63D369205F9903003A91FA /* Build configuration list for PBXProject "QLIPA" */;
			compatibilityVersion = "Xcode 8.0";
			developmentRegion = en;
			hasScannedForEncodings = 0;
			knownRegions = (
				en,
			);
			mainGroup = FA63D365205F9903003A91FA;
			productRefGroup = FA63D370205F9903003A91FA /* Products */;
			projectDirPath = "";
			projectReferences = (
				{
					ProductGroup = FAB62F5C205FBCEB00E0CE3E /* Products */;
					ProjectRef = FAB62F5B205FBCEB00E0CE3E /* MachOKit.xcodeproj */;
				},
				{
					ProductGroup = FAB62F3C205FBCC400E0CE3E /* Products */;
					ProjectRef = FAB62F3B205FBCC400E0CE3E /* MMMarkdown.xcodeproj */;
				},
			);
			projectRoot = "";
			targets = (
				FA63D36E205F9903003A91FA /* QLIPA */,
			);
		};
/* End PBXProject section */

/* Begin PBXReferenceProxy section */
		FAB62F44205FBCC400E0CE3E /* MMMarkdown.framework */ = {
			isa = PBXReferenceProxy;
			fileType = wrapper.framework;
			path = MMMarkdown.framework;
			remoteRef = FAB62F43205FBCC400E0CE3E /* PBXContainerItemProxy */;
			sourceTree = BUILT_PRODUCTS_DIR;
		};
		FAB62F46205FBCC400E0CE3E /* MMMarkdown.framework */ = {
			isa = PBXReferenceProxy;
			fileType = wrapper.framework;
			path = MMMarkdown.framework;
			remoteRef = FAB62F45205FBCC400E0CE3E /* PBXContainerItemProxy */;
			sourceTree = BUILT_PRODUCTS_DIR;
		};
		FAB62F48205FBCC400E0CE3E /* MMMarkdown.framework */ = {
			isa = PBXReferenceProxy;
			fileType = wrapper.framework;
			path = MMMarkdown.framework;
			remoteRef = FAB62F47205FBCC400E0CE3E /* PBXContainerItemProxy */;
			sourceTree = BUILT_PRODUCTS_DIR;
		};
		FAB62F4A205FBCC400E0CE3E /* MMMarkdown.framework */ = {
			isa = PBXReferenceProxy;
			fileType = wrapper.framework;
			path = MMMarkdown.framework;
			remoteRef = FAB62F49205FBCC400E0CE3E /* PBXContainerItemProxy */;
			sourceTree = BUILT_PRODUCTS_DIR;
		};
		FAB62F4C205FBCC400E0CE3E /* MMMarkdownTests.xctest */ = {
			isa = PBXReferenceProxy;
			fileType = wrapper.cfbundle;
			path = MMMarkdownTests.xctest;
			remoteRef = FAB62F4B205FBCC400E0CE3E /* PBXContainerItemProxy */;
			sourceTree = BUILT_PRODUCTS_DIR;
		};
		FAB62F64205FBCEC00E0CE3E /* MachOKit.framework */ = {
			isa = PBXReferenceProxy;
			fileType = wrapper.framework;
			path = MachOKit.framework;
			remoteRef = FAB62F63205FBCEC00E0CE3E /* PBXContainerItemProxy */;
			sourceTree = BUILT_PRODUCTS_DIR;
		};
		FAB62F66205FBCEC00E0CE3E /* MachOKitTests.xctest */ = {
			isa = PBXReferenceProxy;
			fileType = wrapper.cfbundle;
			path = MachOKitTests.xctest;
			remoteRef = FAB62F65205FBCEC00E0CE3E /* PBXContainerItemProxy */;
			sourceTree = BUILT_PRODUCTS_DIR;
		};
		FAB62F68205FBCEC00E0CE3E /* libMachO.a */ = {
			isa = PBXReferenceProxy;
			fileType = archive.ar;
			path = libMachO.a;
			remoteRef = FAB62F67205FBCEC00E0CE3E /* PBXContainerItemProxy */;
			sourceTree = BUILT_PRODUCTS_DIR;
		};
/* End PBXReferenceProxy section */

/* Begin PBXResourcesBuildPhase section */
		FA63D36D205F9903003A91FA /* Resources */ = {
			isa = PBXResourcesBuildPhase;
			buildActionMask = 2147483647;
			files = (
			);
			runOnlyForDeploymentPostprocessing = 0;
		};
/* End PBXResourcesBuildPhase section */

/* Begin PBXShellScriptBuildPhase section */
		6686B2B12E6A3F4737FD7218 /* [CP] Check Pods Manifest.lock */ = {
			isa = PBXShellScriptBuildPhase;
			buildActionMask = 2147483647;
			files = (
			);
			inputPaths = (
				"${PODS_PODFILE_DIR_PATH}/Podfile.lock",
				"${PODS_ROOT}/Manifest.lock",
			);
			name = "[CP] Check Pods Manifest.lock";
			outputPaths = (
				"$(DERIVED_FILE_DIR)/Pods-QLIPA-checkManifestLockResult.txt",
			);
			runOnlyForDeploymentPostprocessing = 0;
			shellPath = /bin/sh;
			shellScript = "diff \"${PODS_PODFILE_DIR_PATH}/Podfile.lock\" \"${PODS_ROOT}/Manifest.lock\" > /dev/null\nif [ $? != 0 ] ; then\n    # print error to STDERR\n    echo \"error: The sandbox is not in sync with the Podfile.lock. Run 'pod install' or update your CocoaPods installation.\" >&2\n    exit 1\nfi\n# This output is used by Xcode 'outputs' to avoid re-running this script phase.\necho \"SUCCESS\" > \"${SCRIPT_OUTPUT_FILE_0}\"\n";
			showEnvVarsInLog = 0;
		};
		6A1E6019ADF447C7302AA724 /* [CP] Copy Pods Resources */ = {
			isa = PBXShellScriptBuildPhase;
			buildActionMask = 2147483647;
			files = (
			);
			inputPaths = (
			);
			name = "[CP] Copy Pods Resources";
			outputPaths = (
			);
			runOnlyForDeploymentPostprocessing = 0;
			shellPath = /bin/sh;
			shellScript = "\"${SRCROOT}/Pods/Target Support Files/Pods-QLIPA/Pods-QLIPA-resources.sh\"\n";
			showEnvVarsInLog = 0;
		};
/* End PBXShellScriptBuildPhase section */

/* Begin PBXSourcesBuildPhase section */
		FA63D36A205F9903003A91FA /* Sources */ = {
			isa = PBXSourcesBuildPhase;
			buildActionMask = 2147483647;
			files = (
				FA63D373205F9903003A91FA /* GenerateThumbnailForURL.m in Sources */,
				FA63D375205F9903003A91FA /* GeneratePreviewForURL.m in Sources */,
				FA63D377205F9903003A91FA /* main.c in Sources */,
			);
			runOnlyForDeploymentPostprocessing = 0;
		};
/* End PBXSourcesBuildPhase section */

/* Begin PBXTargetDependency section */
		FAB62F6A205FBCF100E0CE3E /* PBXTargetDependency */ = {
			isa = PBXTargetDependency;
			name = MachOKit;
			targetProxy = FAB62F69205FBCF100E0CE3E /* PBXContainerItemProxy */;
		};
		FAB62F6C205FBCF400E0CE3E /* PBXTargetDependency */ = {
			isa = PBXTargetDependency;
			name = "MMMarkdown (OS X)";
			targetProxy = FAB62F6B205FBCF400E0CE3E /* PBXContainerItemProxy */;
		};
/* End PBXTargetDependency section */

/* Begin XCBuildConfiguration section */
		FA63D379205F9903003A91FA /* Debug */ = {
			isa = XCBuildConfiguration;
			buildSettings = {
				ALWAYS_SEARCH_USER_PATHS = NO;
				CLANG_ANALYZER_NONNULL = YES;
				CLANG_ANALYZER_NUMBER_OBJECT_CONVERSION = YES_AGGRESSIVE;
				CLANG_CXX_LANGUAGE_STANDARD = "gnu++14";
				CLANG_CXX_LIBRARY = "libc++";
				CLANG_ENABLE_MODULES = YES;
				CLANG_ENABLE_OBJC_ARC = YES;
				CLANG_WARN_BLOCK_CAPTURE_AUTORELEASING = YES;
				CLANG_WARN_BOOL_CONVERSION = YES;
				CLANG_WARN_COMMA = YES;
				CLANG_WARN_CONSTANT_CONVERSION = YES;
				CLANG_WARN_DIRECT_OBJC_ISA_USAGE = YES_ERROR;
				CLANG_WARN_DOCUMENTATION_COMMENTS = YES;
				CLANG_WARN_EMPTY_BODY = YES;
				CLANG_WARN_ENUM_CONVERSION = YES;
				CLANG_WARN_INFINITE_RECURSION = YES;
				CLANG_WARN_INT_CONVERSION = YES;
				CLANG_WARN_NON_LITERAL_NULL_CONVERSION = YES;
				CLANG_WARN_OBJC_LITERAL_CONVERSION = YES;
				CLANG_WARN_OBJC_ROOT_CLASS = YES_ERROR;
				CLANG_WARN_RANGE_LOOP_ANALYSIS = YES;
				CLANG_WARN_STRICT_PROTOTYPES = YES;
				CLANG_WARN_SUSPICIOUS_MOVE = YES;
				CLANG_WARN_UNGUARDED_AVAILABILITY = YES_AGGRESSIVE;
				CLANG_WARN_UNREACHABLE_CODE = YES;
				CLANG_WARN__DUPLICATE_METHOD_MATCH = YES;
				CODE_SIGN_IDENTITY = "-";
				COPY_PHASE_STRIP = NO;
				DEBUG_INFORMATION_FORMAT = dwarf;
				ENABLE_STRICT_OBJC_MSGSEND = YES;
				ENABLE_TESTABILITY = YES;
				GCC_C_LANGUAGE_STANDARD = gnu11;
				GCC_DYNAMIC_NO_PIC = NO;
				GCC_NO_COMMON_BLOCKS = YES;
				GCC_OPTIMIZATION_LEVEL = 0;
				GCC_PREPROCESSOR_DEFINITIONS = (
					"DEBUG=1",
					"$(inherited)",
				);
				GCC_WARN_64_TO_32_BIT_CONVERSION = YES;
				GCC_WARN_ABOUT_RETURN_TYPE = YES_ERROR;
				GCC_WARN_UNDECLARED_SELECTOR = YES;
				GCC_WARN_UNINITIALIZED_AUTOS = YES_AGGRESSIVE;
				GCC_WARN_UNUSED_FUNCTION = YES;
				GCC_WARN_UNUSED_VARIABLE = YES;
				MACOSX_DEPLOYMENT_TARGET = 10.13;
				MTL_ENABLE_DEBUG_INFO = YES;
				ONLY_ACTIVE_ARCH = YES;
				SDKROOT = macosx;
			};
			name = Debug;
		};
		FA63D37A205F9903003A91FA /* Release */ = {
			isa = XCBuildConfiguration;
			buildSettings = {
				ALWAYS_SEARCH_USER_PATHS = NO;
				CLANG_ANALYZER_NONNULL = YES;
				CLANG_ANALYZER_NUMBER_OBJECT_CONVERSION = YES_AGGRESSIVE;
				CLANG_CXX_LANGUAGE_STANDARD = "gnu++14";
				CLANG_CXX_LIBRARY = "libc++";
				CLANG_ENABLE_MODULES = YES;
				CLANG_ENABLE_OBJC_ARC = YES;
				CLANG_WARN_BLOCK_CAPTURE_AUTORELEASING = YES;
				CLANG_WARN_BOOL_CONVERSION = YES;
				CLANG_WARN_COMMA = YES;
				CLANG_WARN_CONSTANT_CONVERSION = YES;
				CLANG_WARN_DIRECT_OBJC_ISA_USAGE = YES_ERROR;
				CLANG_WARN_DOCUMENTATION_COMMENTS = YES;
				CLANG_WARN_EMPTY_BODY = YES;
				CLANG_WARN_ENUM_CONVERSION = YES;
				CLANG_WARN_INFINITE_RECURSION = YES;
				CLANG_WARN_INT_CONVERSION = YES;
				CLANG_WARN_NON_LITERAL_NULL_CONVERSION = YES;
				CLANG_WARN_OBJC_LITERAL_CONVERSION = YES;
				CLANG_WARN_OBJC_ROOT_CLASS = YES_ERROR;
				CLANG_WARN_RANGE_LOOP_ANALYSIS = YES;
				CLANG_WARN_STRICT_PROTOTYPES = YES;
				CLANG_WARN_SUSPICIOUS_MOVE = YES;
				CLANG_WARN_UNGUARDED_AVAILABILITY = YES_AGGRESSIVE;
				CLANG_WARN_UNREACHABLE_CODE = YES;
				CLANG_WARN__DUPLICATE_METHOD_MATCH = YES;
				CODE_SIGN_IDENTITY = "-";
				COPY_PHASE_STRIP = NO;
				DEBUG_INFORMATION_FORMAT = "dwarf-with-dsym";
				ENABLE_NS_ASSERTIONS = NO;
				ENABLE_STRICT_OBJC_MSGSEND = YES;
				GCC_C_LANGUAGE_STANDARD = gnu11;
				GCC_NO_COMMON_BLOCKS = YES;
				GCC_WARN_64_TO_32_BIT_CONVERSION = YES;
				GCC_WARN_ABOUT_RETURN_TYPE = YES_ERROR;
				GCC_WARN_UNDECLARED_SELECTOR = YES;
				GCC_WARN_UNINITIALIZED_AUTOS = YES_AGGRESSIVE;
				GCC_WARN_UNUSED_FUNCTION = YES;
				GCC_WARN_UNUSED_VARIABLE = YES;
				MACOSX_DEPLOYMENT_TARGET = 10.13;
				MTL_ENABLE_DEBUG_INFO = NO;
				SDKROOT = macosx;
			};
			name = Release;
		};
		FA63D37C205F9903003A91FA /* Debug */ = {
			isa = XCBuildConfiguration;
			baseConfigurationReference = A876310910EAE8F7CB94D7F0 /* Pods-QLIPA.debug.xcconfig */;
			buildSettings = {
				ALWAYS_SEARCH_USER_PATHS = YES;
				CODE_SIGN_STYLE = Automatic;
				COMBINE_HIDPI_IMAGES = YES;
				DEPLOYMENT_LOCATION = YES;
				DEPLOYMENT_POSTPROCESSING = YES;
				DSTROOT = "";
				HEADER_SEARCH_PATHS = (
					"$(inherited)",
					"\"${PODS_ROOT}/Headers/Public\"",
					"\"${PODS_ROOT}/Headers/Public/objective-zip\"",
				);
				INFOPLIST_FILE = QLIPA/Info.plist;
				INSTALL_PATH = "~/Library/QuickLook/";
				LD_RUNPATH_SEARCH_PATHS = "@loader_path/../Frameworks/";
				PRODUCT_BUNDLE_IDENTIFIER = com.naville.qlipa;
				PRODUCT_NAME = "$(TARGET_NAME)";
				WRAPPER_EXTENSION = qlgenerator;
			};
			name = Debug;
		};
		FA63D37D205F9903003A91FA /* Release */ = {
			isa = XCBuildConfiguration;
			baseConfigurationReference = 475F4974F6598D13ECFEE81B /* Pods-QLIPA.release.xcconfig */;
			buildSettings = {
				ALWAYS_SEARCH_USER_PATHS = YES;
				CODE_SIGN_STYLE = Automatic;
				COMBINE_HIDPI_IMAGES = YES;
				DEPLOYMENT_LOCATION = YES;
				DEPLOYMENT_POSTPROCESSING = YES;
				DSTROOT = "";
				HEADER_SEARCH_PATHS = (
					"$(inherited)",
					"\"${PODS_ROOT}/Headers/Public\"",
					"\"${PODS_ROOT}/Headers/Public/objective-zip\"",
				);
				INFOPLIST_FILE = QLIPA/Info.plist;
				INSTALL_PATH = "~/Library/QuickLook/";
				LD_RUNPATH_SEARCH_PATHS = "@loader_path/../Frameworks/";
				PRODUCT_BUNDLE_IDENTIFIER = com.naville.qlipa;
				PRODUCT_NAME = "$(TARGET_NAME)";
				WRAPPER_EXTENSION = qlgenerator;
			};
			name = Release;
		};
/* End XCBuildConfiguration section */

/* Begin XCConfigurationList section */
		FA63D369205F9903003A91FA /* Build configuration list for PBXProject "QLIPA" */ = {
			isa = XCConfigurationList;
			buildConfigurations = (
				FA63D379205F9903003A91FA /* Debug */,
				FA63D37A205F9903003A91FA /* Release */,
			);
			defaultConfigurationIsVisible = 0;
			defaultConfigurationName = Release;
		};
		FA63D37B205F9903003A91FA /* Build configuration list for PBXNativeTarget "QLIPA" */ = {
			isa = XCConfigurationList;
			buildConfigurations = (
				FA63D37C205F9903003A91FA /* Debug */,
				FA63D37D205F9903003A91FA /* Release */,
			);
			defaultConfigurationIsVisible = 0;
			defaultConfigurationName = Release;
		};
/* End XCConfigurationList section */
	};
	rootObject = FA63D366205F9903003A91FA /* Project object */;
}
